// !$*UTF8*$!
{
	archiveVersion = 1;
	classes = {
	};
	objectVersion = 46;
	objects = {

/* Begin PBXBuildFile section */
		6565EE971F0397DE000E283A /* QQ20170628-155001.gif in Resources */ = {isa = PBXBuildFile; fileRef = 6565EE961F0397DE000E283A /* QQ20170628-155001.gif */; };
		65F9F5E51F03953600CF8B9A /* main.m in Sources */ = {isa = PBXBuildFile; fileRef = 65F9F5E41F03953600CF8B9A /* main.m */; };
		65F9F5E81F03953600CF8B9A /* AppDelegate.m in Sources */ = {isa = PBXBuildFile; fileRef = 65F9F5E71F03953600CF8B9A /* AppDelegate.m */; };
		65F9F5EB1F03953600CF8B9A /* ViewController.m in Sources */ = {isa = PBXBuildFile; fileRef = 65F9F5EA1F03953600CF8B9A /* ViewController.m */; };
		65F9F5EE1F03953600CF8B9A /* Main.storyboard in Resources */ = {isa = PBXBuildFile; fileRef = 65F9F5EC1F03953600CF8B9A /* Main.storyboard */; };
		65F9F5F01F03953600CF8B9A /* Assets.xcassets in Resources */ = {isa = PBXBuildFile; fileRef = 65F9F5EF1F03953600CF8B9A /* Assets.xcassets */; };
		65F9F5F31F03953600CF8B9A /* LaunchScreen.storyboard in Resources */ = {isa = PBXBuildFile; fileRef = 65F9F5F11F03953600CF8B9A /* LaunchScreen.storyboard */; };
		65F9F5FE1F03953600CF8B9A /* XFAlertViewTests.m in Sources */ = {isa = PBXBuildFile; fileRef = 65F9F5FD1F03953600CF8B9A /* XFAlertViewTests.m */; };
		65F9F6091F03953600CF8B9A /* XFAlertViewUITests.m in Sources */ = {isa = PBXBuildFile; fileRef = 65F9F6081F03953600CF8B9A /* XFAlertViewUITests.m */; };
		65F9F61B1F03959A00CF8B9A /* UILabel+XFLabel.m in Sources */ = {isa = PBXBuildFile; fileRef = 65F9F6181F03959A00CF8B9A /* UILabel+XFLabel.m */; };
		65F9F61C1F03959A00CF8B9A /* XFAlertView.m in Sources */ = {isa = PBXBuildFile; fileRef = 65F9F61A1F03959A00CF8B9A /* XFAlertView.m */; };
/* End PBXBuildFile section */

/* Begin PBXContainerItemProxy section */
		65F9F5FA1F03953600CF8B9A /* PBXContainerItemProxy */ = {
			isa = PBXContainerItemProxy;
			containerPortal = 65F9F5D81F03953600CF8B9A /* Project object */;
			proxyType = 1;
			remoteGlobalIDString = 65F9F5DF1F03953600CF8B9A;
			remoteInfo = XFAlertView;
		};
		65F9F6051F03953600CF8B9A /* PBXContainerItemProxy */ = {
			isa = PBXContainerItemProxy;
			containerPortal = 65F9F5D81F03953600CF8B9A /* Project object */;
			proxyType = 1;
			remoteGlobalIDString = 65F9F5DF1F03953600CF8B9A;
			remoteInfo = XFAlertView;
		};
/* End PBXContainerItemProxy section */

/* Begin PBXFileReference section */
		6565EE961F0397DE000E283A /* QQ20170628-155001.gif */ = {isa = PBXFileReference; lastKnownFileType = image.gif; path = "QQ20170628-155001.gif"; sourceTree = "<group>"; };
		65F9F5E01F03953600CF8B9A /* XFAlertView.app */ = {isa = PBXFileReference; explicitFileType = wrapper.application; includeInIndex = 0; path = XFAlertView.app; sourceTree = BUILT_PRODUCTS_DIR; };
		65F9F5E41F03953600CF8B9A /* main.m */ = {isa = PBXFileReference; lastKnownFileType = sourcecode.c.objc; path = main.m; sourceTree = "<group>"; };
		65F9F5E61F03953600CF8B9A /* AppDelegate.h */ = {isa = PBXFileReference; lastKnownFileType = sourcecode.c.h; path = AppDelegate.h; sourceTree = "<group>"; };
		65F9F5E71F03953600CF8B9A /* AppDelegate.m */ = {isa = PBXFileReference; lastKnownFileType = sourcecode.c.objc; path = AppDelegate.m; sourceTree = "<group>"; };
		65F9F5E91F03953600CF8B9A /* ViewController.h */ = {isa = PBXFileReference; lastKnownFileType = sourcecode.c.h; path = ViewController.h; sourceTree = "<group>"; };
		65F9F5EA1F03953600CF8B9A /* ViewController.m */ = {isa = PBXFileReference; lastKnownFileType = sourcecode.c.objc; path = ViewController.m; sourceTree = "<group>"; };
		65F9F5ED1F03953600CF8B9A /* Base */ = {isa = PBXFileReference; lastKnownFileType = file.storyboard; name = Base; path = Base.lproj/Main.storyboard; sourceTree = "<group>"; };
		65F9F5EF1F03953600CF8B9A /* Assets.xcassets */ = {isa = PBXFileReference; lastKnownFileType = folder.assetcatalog; path = Assets.xcassets; sourceTree = "<group>"; };
		65F9F5F21F03953600CF8B9A /* Base */ = {isa = PBXFileReference; lastKnownFileType = file.storyboard; name = Base; path = Base.lproj/LaunchScreen.storyboard; sourceTree = "<group>"; };
		65F9F5F41F03953600CF8B9A /* Info.plist */ = {isa = PBXFileReference; lastKnownFileType = text.plist.xml; path = Info.plist; sourceTree = "<group>"; };
		65F9F5F91F03953600CF8B9A /* XFAlertViewTests.xctest */ = {isa = PBXFileReference; explicitFileType = wrapper.cfbundle; includeInIndex = 0; path = XFAlertViewTests.xctest; sourceTree = BUILT_PRODUCTS_DIR; };
		65F9F5FD1F03953600CF8B9A /* XFAlertViewTests.m */ = {isa = PBXFileReference; lastKnownFileType = sourcecode.c.objc; path = XFAlertViewTests.m; sourceTree = "<group>"; };
		65F9F5FF1F03953600CF8B9A /* Info.plist */ = {isa = PBXFileReference; lastKnownFileType = text.plist.xml; path = Info.plist; sourceTree = "<group>"; };
		65F9F6041F03953600CF8B9A /* XFAlertViewUITests.xctest */ = {isa = PBXFileReference; explicitFileType = wrapper.cfbundle; includeInIndex = 0; path = XFAlertViewUITests.xctest; sourceTree = BUILT_PRODUCTS_DIR; };
		65F9F6081F03953600CF8B9A /* XFAlertViewUITests.m */ = {isa = PBXFileReference; lastKnownFileType = sourcecode.c.objc; path = XFAlertViewUITests.m; sourceTree = "<group>"; };
		65F9F60A1F03953600CF8B9A /* Info.plist */ = {isa = PBXFileReference; lastKnownFileType = text.plist.xml; path = Info.plist; sourceTree = "<group>"; };
		65F9F6171F03959A00CF8B9A /* UILabel+XFLabel.h */ = {isa = PBXFileReference; fileEncoding = 4; lastKnownFileType = sourcecode.c.h; path = "UILabel+XFLabel.h"; sourceTree = "<group>"; };
		65F9F6181F03959A00CF8B9A /* UILabel+XFLabel.m */ = {isa = PBXFileReference; fileEncoding = 4; lastKnownFileType = sourcecode.c.objc; path = "UILabel+XFLabel.m"; sourceTree = "<group>"; };
		65F9F6191F03959A00CF8B9A /* XFAlertView.h */ = {isa = PBXFileReference; fileEncoding = 4; lastKnownFileType = sourcecode.c.h; path = XFAlertView.h; sourceTree = "<group>"; };
		65F9F61A1F03959A00CF8B9A /* XFAlertView.m */ = {isa = PBXFileReference; fileEncoding = 4; lastKnownFileType = sourcecode.c.objc; path = XFAlertView.m; sourceTree = "<group>"; };
/* End PBXFileReference section */

/* Begin PBXFrameworksBuildPhase section */
		65F9F5DD1F03953600CF8B9A /* Frameworks */ = {
			isa = PBXFrameworksBuildPhase;
			buildActionMask = 2147483647;
			files = (
			);
			runOnlyForDeploymentPostprocessing = 0;
		};
		65F9F5F61F03953600CF8B9A /* Frameworks */ = {
			isa = PBXFrameworksBuildPhase;
			buildActionMask = 2147483647;
			files = (
			);
			runOnlyForDeploymentPostprocessing = 0;
		};
		65F9F6011F03953600CF8B9A /* Frameworks */ = {
			isa = PBXFrameworksBuildPhase;
			buildActionMask = 2147483647;
			files = (
			);
			runOnlyForDeploymentPostprocessing = 0;
		};
/* End PBXFrameworksBuildPhase section */

/* Begin PBXGroup section */
		65F9F5D71F03953600CF8B9A = {
			isa = PBXGroup;
			children = (
				6565EE961F0397DE000E283A /* QQ20170628-155001.gif */,
				65F9F5E21F03953600CF8B9A /* XFAlertView */,
				65F9F5FC1F03953600CF8B9A /* XFAlertViewTests */,
				65F9F6071F03953600CF8B9A /* XFAlertViewUITests */,
				65F9F5E11F03953600CF8B9A /* Products */,
			);
			sourceTree = "<group>";
		};
		65F9F5E11F03953600CF8B9A /* Products */ = {
			isa = PBXGroup;
			children = (
				65F9F5E01F03953600CF8B9A /* XFAlertView.app */,
				65F9F5F91F03953600CF8B9A /* XFAlertViewTests.xctest */,
				65F9F6041F03953600CF8B9A /* XFAlertViewUITests.xctest */,
			);
			name = Products;
			sourceTree = "<group>";
		};
		65F9F5E21F03953600CF8B9A /* XFAlertView */ = {
			isa = PBXGroup;
			children = (
				65F9F6161F03959A00CF8B9A /* XFAlertView */,
				65F9F5E61F03953600CF8B9A /* AppDelegate.h */,
				65F9F5E71F03953600CF8B9A /* AppDelegate.m */,
				65F9F5E91F03953600CF8B9A /* ViewController.h */,
				65F9F5EA1F03953600CF8B9A /* ViewController.m */,
				65F9F5EC1F03953600CF8B9A /* Main.storyboard */,
				65F9F5EF1F03953600CF8B9A /* Assets.xcassets */,
				65F9F5F11F03953600CF8B9A /* LaunchScreen.storyboard */,
				65F9F5F41F03953600CF8B9A /* Info.plist */,
				65F9F5E31F03953600CF8B9A /* Supporting Files */,
			);
			path = XFAlertView;
			sourceTree = "<group>";
		};
		65F9F5E31F03953600CF8B9A /* Supporting Files */ = {
			isa = PBXGroup;
			children = (
				65F9F5E41F03953600CF8B9A /* main.m */,
			);
			name = "Supporting Files";
			sourceTree = "<group>";
		};
		65F9F5FC1F03953600CF8B9A /* XFAlertViewTests */ = {
			isa = PBXGroup;
			children = (
				65F9F5FD1F03953600CF8B9A /* XFAlertViewTests.m */,
				65F9F5FF1F03953600CF8B9A /* Info.plist */,
			);
			path = XFAlertViewTests;
			sourceTree = "<group>";
		};
		65F9F6071F03953600CF8B9A /* XFAlertViewUITests */ = {
			isa = PBXGroup;
			children = (
				65F9F6081F03953600CF8B9A /* XFAlertViewUITests.m */,
				65F9F60A1F03953600CF8B9A /* Info.plist */,
			);
			path = XFAlertViewUITests;
			sourceTree = "<group>";
		};
		65F9F6161F03959A00CF8B9A /* XFAlertView */ = {
			isa = PBXGroup;
			children = (
				65F9F6171F03959A00CF8B9A /* UILabel+XFLabel.h */,
				65F9F6181F03959A00CF8B9A /* UILabel+XFLabel.m */,
				65F9F6191F03959A00CF8B9A /* XFAlertView.h */,
				65F9F61A1F03959A00CF8B9A /* XFAlertView.m */,
			);
			path = XFAlertView;
			sourceTree = "<group>";
		};
/* End PBXGroup section */

/* Begin PBXNativeTarget section */
		65F9F5DF1F03953600CF8B9A /* XFAlertView */ = {
			isa = PBXNativeTarget;
			buildConfigurationList = 65F9F60D1F03953600CF8B9A /* Build configuration list for PBXNativeTarget "XFAlertView" */;
			buildPhases = (
				65F9F5DC1F03953600CF8B9A /* Sources */,
				65F9F5DD1F03953600CF8B9A /* Frameworks */,
				65F9F5DE1F03953600CF8B9A /* Resources */,
			);
			buildRules = (
			);
			dependencies = (
			);
			name = XFAlertView;
			productName = XFAlertView;
			productReference = 65F9F5E01F03953600CF8B9A /* XFAlertView.app */;
			productType = "com.apple.product-type.application";
		};
		65F9F5F81F03953600CF8B9A /* XFAlertViewTests */ = {
			isa = PBXNativeTarget;
			buildConfigurationList = 65F9F6101F03953600CF8B9A /* Build configuration list for PBXNativeTarget "XFAlertViewTests" */;
			buildPhases = (
				65F9F5F51F03953600CF8B9A /* Sources */,
				65F9F5F61F03953600CF8B9A /* Frameworks */,
				65F9F5F71F03953600CF8B9A /* Resources */,
			);
			buildRules = (
			);
			dependencies = (
				65F9F5FB1F03953600CF8B9A /* PBXTargetDependency */,
			);
			name = XFAlertViewTests;
			productName = XFAlertViewTests;
			productReference = 65F9F5F91F03953600CF8B9A /* XFAlertViewTests.xctest */;
			productType = "com.apple.product-type.bundle.unit-test";
		};
		65F9F6031F03953600CF8B9A /* XFAlertViewUITests */ = {
			isa = PBXNativeTarget;
			buildConfigurationList = 65F9F6131F03953600CF8B9A /* Build configuration list for PBXNativeTarget "XFAlertViewUITests" */;
			buildPhases = (
				65F9F6001F03953600CF8B9A /* Sources */,
				65F9F6011F03953600CF8B9A /* Frameworks */,
				65F9F6021F03953600CF8B9A /* Resources */,
			);
			buildRules = (
			);
			dependencies = (
				65F9F6061F03953600CF8B9A /* PBXTargetDependency */,
			);
			name = XFAlertViewUITests;
			productName = XFAlertViewUITests;
			productReference = 65F9F6041F03953600CF8B9A /* XFAlertViewUITests.xctest */;
			productType = "com.apple.product-type.bundle.ui-testing";
		};
/* End PBXNativeTarget section */

/* Begin PBXProject section */
		65F9F5D81F03953600CF8B9A /* Project object */ = {
			isa = PBXProject;
			attributes = {
				LastUpgradeCheck = 0830;
				ORGANIZATIONNAME = "Leven Wei";
				TargetAttributes = {
					65F9F5DF1F03953600CF8B9A = {
						CreatedOnToolsVersion = 8.3.3;
						ProvisioningStyle = Automatic;
					};
					65F9F5F81F03953600CF8B9A = {
						CreatedOnToolsVersion = 8.3.3;
						ProvisioningStyle = Automatic;
						TestTargetID = 65F9F5DF1F03953600CF8B9A;
					};
					65F9F6031F03953600CF8B9A = {
						CreatedOnToolsVersion = 8.3.3;
						ProvisioningStyle = Automatic;
						TestTargetID = 65F9F5DF1F03953600CF8B9A;
					};
				};
			};
			buildConfigurationList = 65F9F5DB1F03953600CF8B9A /* Build configuration list for PBXProject "XFAlertView" */;
			compatibilityVersion = "Xcode 3.2";
			developmentRegion = English;
			hasScannedForEncodings = 0;
			knownRegions = (
				en,
				Base,
			);
			mainGroup = 65F9F5D71F03953600CF8B9A;
			productRefGroup = 65F9F5E11F03953600CF8B9A /* Products */;
			projectDirPath = "";
			projectRoot = "";
			targets = (
				65F9F5DF1F03953600CF8B9A /* XFAlertView */,
				65F9F5F81F03953600CF8B9A /* XFAlertViewTests */,
				65F9F6031F03953600CF8B9A /* XFAlertViewUITests */,
			);
		};
/* End PBXProject section */

/* Begin PBXResourcesBuildPhase section */
		65F9F5DE1F03953600CF8B9A /* Resources */ = {
			isa = PBXResourcesBuildPhase;
			buildActionMask = 2147483647;
			files = (
				65F9F5F31F03953600CF8B9A /* LaunchScreen.storyboard in Resources */,
				65F9F5F01F03953600CF8B9A /* Assets.xcassets in Resources */,
				6565EE971F0397DE000E283A /* QQ20170628-155001.gif in Resources */,
				65F9F5EE1F03953600CF8B9A /* Main.storyboard in Resources */,
			);
			runOnlyForDeploymentPostprocessing = 0;
		};
		65F9F5F71F03953600CF8B9A /* Resources */ = {
			isa = PBXResourcesBuildPhase;
			buildActionMask = 2147483647;
			files = (
			);
			runOnlyForDeploymentPostprocessing = 0;
		};
		65F9F6021F03953600CF8B9A /* Resources */ = {
			isa = PBXResourcesBuildPhase;
			buildActionMask = 2147483647;
			files = (
			);
			runOnlyForDeploymentPostprocessing = 0;
		};
/* End PBXResourcesBuildPhase section */

/* Begin PBXSourcesBuildPhase section */
		65F9F5DC1F03953600CF8B9A /* Sources */ = {
			isa = PBXSourcesBuildPhase;
			buildActionMask = 2147483647;
			files = (
				65F9F5EB1F03953600CF8B9A /* ViewController.m in Sources */,
				65F9F5E81F03953600CF8B9A /* AppDelegate.m in Sources */,
				65F9F5E51F03953600CF8B9A /* main.m in Sources */,
				65F9F61C1F03959A00CF8B9A /* XFAlertView.m in Sources */,
				65F9F61B1F03959A00CF8B9A /* UILabel+XFLabel.m in Sources */,
			);
			runOnlyForDeploymentPostprocessing = 0;
		};
		65F9F5F51F03953600CF8B9A /* Sources */ = {
			isa = PBXSourcesBuildPhase;
			buildActionMask = 2147483647;
			files = (
				65F9F5FE1F03953600CF8B9A /* XFAlertViewTests.m in Sources */,
			);
			runOnlyForDeploymentPostprocessing = 0;
		};
		65F9F6001F03953600CF8B9A /* Sources */ = {
			isa = PBXSourcesBuildPhase;
			buildActionMask = 2147483647;
			files = (
				65F9F6091F03953600CF8B9A /* XFAlertViewUITests.m in Sources */,
			);
			runOnlyForDeploymentPostprocessing = 0;
		};
/* End PBXSourcesBuildPhase section */

/* Begin PBXTargetDependency section */
		65F9F5FB1F03953600CF8B9A /* PBXTargetDependency */ = {
			isa = PBXTargetDependency;
			target = 65F9F5DF1F03953600CF8B9A /* XFAlertView */;
			targetProxy = 65F9F5FA1F03953600CF8B9A /* PBXContainerItemProxy */;
		};
		65F9F6061F03953600CF8B9A /* PBXTargetDependency */ = {
			isa = PBXTargetDependency;
			target = 65F9F5DF1F03953600CF8B9A /* XFAlertView */;
			targetProxy = 65F9F6051F03953600CF8B9A /* PBXContainerItemProxy */;
		};
/* End PBXTargetDependency section */

/* Begin PBXVariantGroup section */
		65F9F5EC1F03953600CF8B9A /* Main.storyboard */ = {
			isa = PBXVariantGroup;
			children = (
				65F9F5ED1F03953600CF8B9A /* Base */,
			);
			name = Main.storyboard;
			sourceTree = "<group>";
		};
		65F9F5F11F03953600CF8B9A /* LaunchScreen.storyboard */ = {
			isa = PBXVariantGroup;
			children = (
				65F9F5F21F03953600CF8B9A /* Base */,
			);
			name = LaunchScreen.storyboard;
			sourceTree = "<group>";
		};
/* End PBXVariantGroup section */

/* Begin XCBuildConfiguration section */
		65F9F60B1F03953600CF8B9A /* Debug */ = {
			isa = XCBuildConfiguration;
			buildSettings = {
				ALWAYS_SEARCH_USER_PATHS = NO;
				CLANG_ANALYZER_NONNULL = YES;
				CLANG_ANALYZER_NUMBER_OBJECT_CONVERSION = YES_AGGRESSIVE;
				CLANG_CXX_LANGUAGE_STANDARD = "gnu++0x";
				CLANG_CXX_LIBRARY = "libc++";
				CLANG_ENABLE_MODULES = YES;
				CLANG_ENABLE_OBJC_ARC = YES;
				CLANG_WARN_BOOL_CONVERSION = YES;
				CLANG_WARN_CONSTANT_CONVERSION = YES;
				CLANG_WARN_DIRECT_OBJC_ISA_USAGE = YES_ERROR;
				CLANG_WARN_DOCUMENTATION_COMMENTS = YES;
				CLANG_WARN_EMPTY_BODY = YES;
				CLANG_WARN_ENUM_CONVERSION = YES;
				CLANG_WARN_INFINITE_RECURSION = YES;
				CLANG_WARN_INT_CONVERSION = YES;
				CLANG_WARN_OBJC_ROOT_CLASS = YES_ERROR;
				CLANG_WARN_SUSPICIOUS_MOVE = YES;
				CLANG_WARN_UNREACHABLE_CODE = YES;
				CLANG_WARN__DUPLICATE_METHOD_MATCH = YES;
				"CODE_SIGN_IDENTITY[sdk=iphoneos*]" = "iPhone Developer";
				COPY_PHASE_STRIP = NO;
				DEBUG_INFORMATION_FORMAT = dwarf;
				ENABLE_STRICT_OBJC_MSGSEND = YES;
				ENABLE_TESTABILITY = YES;
				GCC_C_LANGUAGE_STANDARD = gnu99;
				GCC_DYNAMIC_NO_PIC = NO;
				GCC_NO_COMMON_BLOCKS = YES;
				GCC_OPTIMIZATION_LEVEL = 0;
				GCC_PREPROCESSOR_DEFINITIONS = (
					"DEBUG=1",
					"$(inherited)",
				);
				GCC_WARN_64_TO_32_BIT_CONVERSION = YES;
				GCC_WARN_ABOUT_RETURN_TYPE = YES_ERROR;
				GCC_WARN_UNDECLARED_SELECTOR = YES;
				GCC_WARN_UNINITIALIZED_AUTOS = YES_AGGRESSIVE;
				GCC_WARN_UNUSED_FUNCTION = YES;
				GCC_WARN_UNUSED_VARIABLE = YES;
				IPHONEOS_DEPLOYMENT_TARGET = 10.3;
				MTL_ENABLE_DEBUG_INFO = YES;
				ONLY_ACTIVE_ARCH = YES;
				SDKROOT = iphoneos;
				TARGETED_DEVICE_FAMILY = "1,2";
			};
			name = Debug;
		};
		65F9F60C1F03953600CF8B9A /* Release */ = {
			isa = XCBuildConfiguration;
			buildSettings = {
				ALWAYS_SEARCH_USER_PATHS = NO;
				CLANG_ANALYZER_NONNULL = YES;
				CLANG_ANALYZER_NUMBER_OBJECT_CONVERSION = YES_AGGRESSIVE;
				CLANG_CXX_LANGUAGE_STANDARD = "gnu++0x";
				CLANG_CXX_LIBRARY = "libc++";
				CLANG_ENABLE_MODULES = YES;
				CLANG_ENABLE_OBJC_ARC = YES;
				CLANG_WARN_BOOL_CONVERSION = YES;
				CLANG_WARN_CONSTANT_CONVERSION = YES;
				CLANG_WARN_DIRECT_OBJC_ISA_USAGE = YES_ERROR;
				CLANG_WARN_DOCUMENTATION_COMMENTS = YES;
				CLANG_WARN_EMPTY_BODY = YES;
				CLANG_WARN_ENUM_CONVERSION = YES;
				CLANG_WARN_INFINITE_RECURSION = YES;
				CLANG_WARN_INT_CONVERSION = YES;
				CLANG_WARN_OBJC_ROOT_CLASS = YES_ERROR;
				CLANG_WARN_SUSPICIOUS_MOVE = YES;
				CLANG_WARN_UNREACHABLE_CODE = YES;
				CLANG_WARN__DUPLICATE_METHOD_MATCH = YES;
				"CODE_SIGN_IDENTITY[sdk=iphoneos*]" = "iPhone Developer";
				COPY_PHASE_STRIP = NO;
				DEBUG_INFORMATION_FORMAT = "dwarf-with-dsym";
				ENABLE_NS_ASSERTIONS = NO;
				ENABLE_STRICT_OBJC_MSGSEND = YES;
				GCC_C_LANGUAGE_STANDARD = gnu99;
				GCC_NO_COMMON_BLOCKS = YES;
				GCC_WARN_64_TO_32_BIT_CONVERSION = YES;
				GCC_WARN_ABOUT_RETURN_TYPE = YES_ERROR;
				GCC_WARN_UNDECLARED_SELECTOR = YES;
				GCC_WARN_UNINITIALIZED_AUTOS = YES_AGGRESSIVE;
				GCC_WARN_UNUSED_FUNCTION = YES;
				GCC_WARN_UNUSED_VARIABLE = YES;
				IPHONEOS_DEPLOYMENT_TARGET = 10.3;
				MTL_ENABLE_DEBUG_INFO = NO;
				SDKROOT = iphoneos;
				TARGETED_DEVICE_FAMILY = "1,2";
				VALIDATE_PRODUCT = YES;
			};
			name = Release;
		};
		65F9F60E1F03953600CF8B9A /* Debug */ = {
			isa = XCBuildConfiguration;
			buildSettings = {
				ASSETCATALOG_COMPILER_APPICON_NAME = AppIcon;
				INFOPLIST_FILE = XFAlertView/Info.plist;
				LD_RUNPATH_SEARCH_PATHS = "$(inherited) @executable_path/Frameworks";
				PRODUCT_BUNDLE_IDENTIFIER = com.xftek.XFAlertView;
				PRODUCT_NAME = "$(TARGET_NAME)";
			};
			name = Debug;
		};
		65F9F60F1F03953600CF8B9A /* Release */ = {
			isa = XCBuildConfiguration;
			buildSettings = {
				ASSETCATALOG_COMPILER_APPICON_NAME = AppIcon;
				INFOPLIST_FILE = XFAlertView/Info.plist;
				LD_RUNPATH_SEARCH_PATHS = "$(inherited) @executable_path/Frameworks";
				PRODUCT_BUNDLE_IDENTIFIER = com.xftek.XFAlertView;
				PRODUCT_NAME = "$(TARGET_NAME)";
			};
			name = Release;
		};
		65F9F6111F03953600CF8B9A /* Debug */ = {
			isa = XCBuildConfiguration;
			buildSettings = {
				BUNDLE_LOADER = "$(TEST_HOST)";
				INFOPLIST_FILE = XFAlertViewTests/Info.plist;
				LD_RUNPATH_SEARCH_PATHS = "$(inherited) @executable_path/Frameworks @loader_path/Frameworks";
				PRODUCT_BUNDLE_IDENTIFIER = com.xftek.XFAlertViewTests;
				PRODUCT_NAME = "$(TARGET_NAME)";
				TEST_HOST = "$(BUILT_PRODUCTS_DIR)/XFAlertView.app/XFAlertView";
			};
			name = Debug;
		};
		65F9F6121F03953600CF8B9A /* Release */ = {
			isa = XCBuildConfiguration;
			buildSettings = {
				BUNDLE_LOADER = "$(TEST_HOST)";
				INFOPLIST_FILE = XFAlertViewTests/Info.plist;
				LD_RUNPATH_SEARCH_PATHS = "$(inherited) @executable_path/Frameworks @loader_path/Frameworks";
				PRODUCT_BUNDLE_IDENTIFIER = com.xftek.XFAlertViewTests;
				PRODUCT_NAME = "$(TARGET_NAME)";
				TEST_HOST = "$(BUILT_PRODUCTS_DIR)/XFAlertView.app/XFAlertView";
			};
			name = Release;
		};
		65F9F6141F03953600CF8B9A /* Debug */ = {
			isa = XCBuildConfiguration;
			buildSettings = {
				INFOPLIST_FILE = XFAlertViewUITests/Info.plist;
				LD_RUNPATH_SEARCH_PATHS = "$(inherited) @executable_path/Frameworks @loader_path/Frameworks";
				PRODUCT_BUNDLE_IDENTIFIER = com.xftek.XFAlertViewUITests;
				PRODUCT_NAME = "$(TARGET_NAME)";
				TEST_TARGET_NAME = XFAlertView;
			};
			name = Debug;
		};
		65F9F6151F03953600CF8B9A /* Release */ = {
			isa = XCBuildConfiguration;
			buildSettings = {
				INFOPLIST_FILE = XFAlertViewUITests/Info.plist;
				LD_RUNPATH_SEARCH_PATHS = "$(inherited) @executable_path/Frameworks @loader_path/Frameworks";
				PRODUCT_BUNDLE_IDENTIFIER = com.xftek.XFAlertViewUITests;
				PRODUCT_NAME = "$(TARGET_NAME)";
				TEST_TARGET_NAME = XFAlertView;
			};
			name = Release;
		};
/* End XCBuildConfiguration section */

/* Begin XCConfigurationList section */
		65F9F5DB1F03953600CF8B9A /* Build configuration list for PBXProject "XFAlertView" */ = {
			isa = XCConfigurationList;
			buildConfigurations = (
				65F9F60B1F03953600CF8B9A /* Debug */,
				65F9F60C1F03953600CF8B9A /* Release */,
			);
			defaultConfigurationIsVisible = 0;
			defaultConfigurationName = Release;
		};
		65F9F60D1F03953600CF8B9A /* Build configuration list for PBXNativeTarget "XFAlertView" */ = {
			isa = XCConfigurationList;
			buildConfigurations = (
				65F9F60E1F03953600CF8B9A /* Debug */,
				65F9F60F1F03953600CF8B9A /* Release */,
			);
			defaultConfigurationIsVisible = 0;
			defaultConfigurationName = Release;
		};
		65F9F6101F03953600CF8B9A /* Build configuration list for PBXNativeTarget "XFAlertViewTests" */ = {
			isa = XCConfigurationList;
			buildConfigurations = (
				65F9F6111F03953600CF8B9A /* Debug */,
				65F9F6121F03953600CF8B9A /* Release */,
			);
			defaultConfigurationIsVisible = 0;
			defaultConfigurationName = Release;
		};
		65F9F6131F03953600CF8B9A /* Build configuration list for PBXNativeTarget "XFAlertViewUITests" */ = {
			isa = XCConfigurationList;
			buildConfigurations = (
				65F9F6141F03953600CF8B9A /* Debug */,
				65F9F6151F03953600CF8B9A /* Release */,
			);
			defaultConfigurationIsVisible = 0;
			defaultConfigurationName = Release;
		};
/* End XCConfigurationList section */
	};
	rootObject = 65F9F5D81F03953600CF8B9A /* Project object */;
}
