// !$*UTF8*$!
{
	archiveVersion = 1;
	classes = {
	};
	objectVersion = 46;
	objects = {

/* Begin PBXBuildFile section */
		3067BCAE1EC553E300FFABD7 /* main.m in Sources */ = {isa = PBXBuildFile; fileRef = 3067BCAD1EC553E300FFABD7 /* main.m */; };
		3067BCB11EC553E300FFABD7 /* AppDelegate.m in Sources */ = {isa = PBXBuildFile; fileRef = 3067BCB01EC553E300FFABD7 /* AppDelegate.m */; };
		3067BCB41EC553E300FFABD7 /* ViewController.m in Sources */ = {isa = PBXBuildFile; fileRef = 3067BCB31EC553E300FFABD7 /* ViewController.m */; };
		3067BCB71EC553E300FFABD7 /* Main.storyboard in Resources */ = {isa = PBXBuildFile; fileRef = 3067BCB51EC553E300FFABD7 /* Main.storyboard */; };
		3067BCB91EC553E300FFABD7 /* Assets.xcassets in Resources */ = {isa = PBXBuildFile; fileRef = 3067BCB81EC553E300FFABD7 /* Assets.xcassets */; };
		3067BCBC1EC553E300FFABD7 /* LaunchScreen.storyboard in Resources */ = {isa = PBXBuildFile; fileRef = 3067BCBA1EC553E300FFABD7 /* LaunchScreen.storyboard */; };
		3067BCCA1EC5542600FFABD7 /* zh_xuanz.png in Resources */ = {isa = PBXBuildFile; fileRef = 3067BCC41EC5542600FFABD7 /* zh_xuanz.png */; };
		3067BCCB1EC5542600FFABD7 /* ZHMultiSelectCell.m in Sources */ = {isa = PBXBuildFile; fileRef = 3067BCC61EC5542600FFABD7 /* ZHMultiSelectCell.m */; };
		3067BCCC1EC5542600FFABD7 /* ZHMultiSelectCell.xib in Resources */ = {isa = PBXBuildFile; fileRef = 3067BCC71EC5542600FFABD7 /* ZHMultiSelectCell.xib */; };
		3067BCCD1EC5542600FFABD7 /* ZHMultiSelectView.m in Sources */ = {isa = PBXBuildFile; fileRef = 3067BCC91EC5542600FFABD7 /* ZHMultiSelectView.m */; };
/* End PBXBuildFile section */

/* Begin PBXFileReference section */
		3067BCA91EC553E300FFABD7 /* 自定义弹窗cell选中.app */ = {isa = PBXFileReference; explicitFileType = wrapper.application; includeInIndex = 0; path = "自定义弹窗cell选中.app"; sourceTree = BUILT_PRODUCTS_DIR; };
		3067BCAD1EC553E300FFABD7 /* main.m */ = {isa = PBXFileReference; lastKnownFileType = sourcecode.c.objc; path = main.m; sourceTree = "<group>"; };
		3067BCAF1EC553E300FFABD7 /* AppDelegate.h */ = {isa = PBXFileReference; lastKnownFileType = sourcecode.c.h; path = AppDelegate.h; sourceTree = "<group>"; };
		3067BCB01EC553E300FFABD7 /* AppDelegate.m */ = {isa = PBXFileReference; lastKnownFileType = sourcecode.c.objc; path = AppDelegate.m; sourceTree = "<group>"; };
		3067BCB21EC553E300FFABD7 /* ViewController.h */ = {isa = PBXFileReference; lastKnownFileType = sourcecode.c.h; path = ViewController.h; sourceTree = "<group>"; };
		3067BCB31EC553E300FFABD7 /* ViewController.m */ = {isa = PBXFileReference; lastKnownFileType = sourcecode.c.objc; path = ViewController.m; sourceTree = "<group>"; };
		3067BCB61EC553E300FFABD7 /* Base */ = {isa = PBXFileReference; lastKnownFileType = file.storyboard; name = Base; path = Base.lproj/Main.storyboard; sourceTree = "<group>"; };
		3067BCB81EC553E300FFABD7 /* Assets.xcassets */ = {isa = PBXFileReference; lastKnownFileType = folder.assetcatalog; path = Assets.xcassets; sourceTree = "<group>"; };
		3067BCBB1EC553E300FFABD7 /* Base */ = {isa = PBXFileReference; lastKnownFileType = file.storyboard; name = Base; path = Base.lproj/LaunchScreen.storyboard; sourceTree = "<group>"; };
		3067BCBD1EC553E300FFABD7 /* Info.plist */ = {isa = PBXFileReference; lastKnownFileType = text.plist.xml; path = Info.plist; sourceTree = "<group>"; };
		3067BCC41EC5542600FFABD7 /* zh_xuanz.png */ = {isa = PBXFileReference; lastKnownFileType = image.png; path = zh_xuanz.png; sourceTree = "<group>"; };
		3067BCC51EC5542600FFABD7 /* ZHMultiSelectCell.h */ = {isa = PBXFileReference; fileEncoding = 4; lastKnownFileType = sourcecode.c.h; path = ZHMultiSelectCell.h; sourceTree = "<group>"; };
		3067BCC61EC5542600FFABD7 /* ZHMultiSelectCell.m */ = {isa = PBXFileReference; fileEncoding = 4; lastKnownFileType = sourcecode.c.objc; path = ZHMultiSelectCell.m; sourceTree = "<group>"; };
		3067BCC71EC5542600FFABD7 /* ZHMultiSelectCell.xib */ = {isa = PBXFileReference; fileEncoding = 4; lastKnownFileType = file.xib; path = ZHMultiSelectCell.xib; sourceTree = "<group>"; };
		3067BCC81EC5542600FFABD7 /* ZHMultiSelectView.h */ = {isa = PBXFileReference; fileEncoding = 4; lastKnownFileType = sourcecode.c.h; path = ZHMultiSelectView.h; sourceTree = "<group>"; };
		3067BCC91EC5542600FFABD7 /* ZHMultiSelectView.m */ = {isa = PBXFileReference; fileEncoding = 4; lastKnownFileType = sourcecode.c.objc; path = ZHMultiSelectView.m; sourceTree = "<group>"; };
/* End PBXFileReference section */

/* Begin PBXFrameworksBuildPhase section */
		3067BCA61EC553E300FFABD7 /* Frameworks */ = {
			isa = PBXFrameworksBuildPhase;
			buildActionMask = 2147483647;
			files = (
			);
			runOnlyForDeploymentPostprocessing = 0;
		};
/* End PBXFrameworksBuildPhase section */

/* Begin PBXGroup section */
		3067BCA01EC553E300FFABD7 = {
			isa = PBXGroup;
			children = (
				3067BCAB1EC553E300FFABD7 /* 自定义弹窗cell选中 */,
				3067BCAA1EC553E300FFABD7 /* Products */,
			);
			sourceTree = "<group>";
		};
		3067BCAA1EC553E300FFABD7 /* Products */ = {
			isa = PBXGroup;
			children = (
				3067BCA91EC553E300FFABD7 /* 自定义弹窗cell选中.app */,
			);
			name = Products;
			sourceTree = "<group>";
		};
		3067BCAB1EC553E300FFABD7 /* 自定义弹窗cell选中 */ = {
			isa = PBXGroup;
			children = (
				3067BCAF1EC553E300FFABD7 /* AppDelegate.h */,
				3067BCB01EC553E300FFABD7 /* AppDelegate.m */,
				3067BCB21EC553E300FFABD7 /* ViewController.h */,
				3067BCB31EC553E300FFABD7 /* ViewController.m */,
				3067BCB51EC553E300FFABD7 /* Main.storyboard */,
				3067BCC31EC5542600FFABD7 /* ZHMultiSelectView */,
				3067BCB81EC553E300FFABD7 /* Assets.xcassets */,
				3067BCBA1EC553E300FFABD7 /* LaunchScreen.storyboard */,
				3067BCBD1EC553E300FFABD7 /* Info.plist */,
				3067BCAC1EC553E300FFABD7 /* Supporting Files */,
			);
			path = "自定义弹窗cell选中";
			sourceTree = "<group>";
		};
		3067BCAC1EC553E300FFABD7 /* Supporting Files */ = {
			isa = PBXGroup;
			children = (
				3067BCAD1EC553E300FFABD7 /* main.m */,
			);
			name = "Supporting Files";
			sourceTree = "<group>";
		};
		3067BCC31EC5542600FFABD7 /* ZHMultiSelectView */ = {
			isa = PBXGroup;
			children = (
				3067BCC41EC5542600FFABD7 /* zh_xuanz.png */,
				3067BCC51EC5542600FFABD7 /* ZHMultiSelectCell.h */,
				3067BCC61EC5542600FFABD7 /* ZHMultiSelectCell.m */,
				3067BCC71EC5542600FFABD7 /* ZHMultiSelectCell.xib */,
				3067BCC81EC5542600FFABD7 /* ZHMultiSelectView.h */,
				3067BCC91EC5542600FFABD7 /* ZHMultiSelectView.m */,
			);
			path = ZHMultiSelectView;
			sourceTree = "<group>";
		};
/* End PBXGroup section */

/* Begin PBXNativeTarget section */
		3067BCA81EC553E300FFABD7 /* 自定义弹窗cell选中 */ = {
			isa = PBXNativeTarget;
			buildConfigurationList = 3067BCC01EC553E300FFABD7 /* Build configuration list for PBXNativeTarget "自定义弹窗cell选中" */;
			buildPhases = (
				3067BCA51EC553E300FFABD7 /* Sources */,
				3067BCA61EC553E300FFABD7 /* Frameworks */,
				3067BCA71EC553E300FFABD7 /* Resources */,
			);
			buildRules = (
			);
			dependencies = (
			);
			name = "自定义弹窗cell选中";
			productName = "自定义弹窗cell选中";
			productReference = 3067BCA91EC553E300FFABD7 /* 自定义弹窗cell选中.app */;
			productType = "com.apple.product-type.application";
		};
/* End PBXNativeTarget section */

/* Begin PBXProject section */
		3067BCA11EC553E300FFABD7 /* Project object */ = {
			isa = PBXProject;
			attributes = {
				LastUpgradeCheck = 0830;
				ORGANIZATIONNAME = "海角七梦";
				TargetAttributes = {
					3067BCA81EC553E300FFABD7 = {
						CreatedOnToolsVersion = 8.3.2;
						DevelopmentTeam = 7NLYH93WG2;
						ProvisioningStyle = Automatic;
					};
				};
			};
			buildConfigurationList = 3067BCA41EC553E300FFABD7 /* Build configuration list for PBXProject "自定义弹窗cell选中" */;
			compatibilityVersion = "Xcode 3.2";
			developmentRegion = English;
			hasScannedForEncodings = 0;
			knownRegions = (
				en,
				Base,
			);
			mainGroup = 3067BCA01EC553E300FFABD7;
			productRefGroup = 3067BCAA1EC553E300FFABD7 /* Products */;
			projectDirPath = "";
			projectRoot = "";
			targets = (
				3067BCA81EC553E300FFABD7 /* 自定义弹窗cell选中 */,
			);
		};
/* End PBXProject section */

/* Begin PBXResourcesBuildPhase section */
		3067BCA71EC553E300FFABD7 /* Resources */ = {
			isa = PBXResourcesBuildPhase;
			buildActionMask = 2147483647;
			files = (
				3067BCBC1EC553E300FFABD7 /* LaunchScreen.storyboard in Resources */,
				3067BCB91EC553E300FFABD7 /* Assets.xcassets in Resources */,
				3067BCCA1EC5542600FFABD7 /* zh_xuanz.png in Resources */,
				3067BCCC1EC5542600FFABD7 /* ZHMultiSelectCell.xib in Resources */,
				3067BCB71EC553E300FFABD7 /* Main.storyboard in Resources */,
			);
			runOnlyForDeploymentPostprocessing = 0;
		};
/* End PBXResourcesBuildPhase section */

/* Begin PBXSourcesBuildPhase section */
		3067BCA51EC553E300FFABD7 /* Sources */ = {
			isa = PBXSourcesBuildPhase;
			buildActionMask = 2147483647;
			files = (
				3067BCB41EC553E300FFABD7 /* ViewController.m in Sources */,
				3067BCB11EC553E300FFABD7 /* AppDelegate.m in Sources */,
				3067BCAE1EC553E300FFABD7 /* main.m in Sources */,
				3067BCCB1EC5542600FFABD7 /* ZHMultiSelectCell.m in Sources */,
				3067BCCD1EC5542600FFABD7 /* ZHMultiSelectView.m in Sources */,
			);
			runOnlyForDeploymentPostprocessing = 0;
		};
/* End PBXSourcesBuildPhase section */

/* Begin PBXVariantGroup section */
		3067BCB51EC553E300FFABD7 /* Main.storyboard */ = {
			isa = PBXVariantGroup;
			children = (
				3067BCB61EC553E300FFABD7 /* Base */,
			);
			name = Main.storyboard;
			sourceTree = "<group>";
		};
		3067BCBA1EC553E300FFABD7 /* LaunchScreen.storyboard */ = {
			isa = PBXVariantGroup;
			children = (
				3067BCBB1EC553E300FFABD7 /* Base */,
			);
			name = LaunchScreen.storyboard;
			sourceTree = "<group>";
		};
/* End PBXVariantGroup section */

/* Begin XCBuildConfiguration section */
		3067BCBE1EC553E300FFABD7 /* Debug */ = {
			isa = XCBuildConfiguration;
			buildSettings = {
				ALWAYS_SEARCH_USER_PATHS = NO;
				CLANG_ANALYZER_NONNULL = YES;
				CLANG_ANALYZER_NUMBER_OBJECT_CONVERSION = YES_AGGRESSIVE;
				CLANG_CXX_LANGUAGE_STANDARD = "gnu++0x";
				CLANG_CXX_LIBRARY = "libc++";
				CLANG_ENABLE_MODULES = YES;
				CLANG_ENABLE_OBJC_ARC = YES;
				CLANG_WARN_BOOL_CONVERSION = YES;
				CLANG_WARN_CONSTANT_CONVERSION = YES;
				CLANG_WARN_DIRECT_OBJC_ISA_USAGE = YES_ERROR;
				CLANG_WARN_DOCUMENTATION_COMMENTS = YES;
				CLANG_WARN_EMPTY_BODY = YES;
				CLANG_WARN_ENUM_CONVERSION = YES;
				CLANG_WARN_INFINITE_RECURSION = YES;
				CLANG_WARN_INT_CONVERSION = YES;
				CLANG_WARN_OBJC_ROOT_CLASS = YES_ERROR;
				CLANG_WARN_SUSPICIOUS_MOVE = YES;
				CLANG_WARN_UNREACHABLE_CODE = YES;
				CLANG_WARN__DUPLICATE_METHOD_MATCH = YES;
				"CODE_SIGN_IDENTITY[sdk=iphoneos*]" = "iPhone Developer";
				COPY_PHASE_STRIP = NO;
				DEBUG_INFORMATION_FORMAT = dwarf;
				ENABLE_STRICT_OBJC_MSGSEND = YES;
				ENABLE_TESTABILITY = YES;
				GCC_C_LANGUAGE_STANDARD = gnu99;
				GCC_DYNAMIC_NO_PIC = NO;
				GCC_NO_COMMON_BLOCKS = YES;
				GCC_OPTIMIZATION_LEVEL = 0;
				GCC_PREPROCESSOR_DEFINITIONS = (
					"DEBUG=1",
					"$(inherited)",
				);
				GCC_WARN_64_TO_32_BIT_CONVERSION = YES;
				GCC_WARN_ABOUT_RETURN_TYPE = YES_ERROR;
				GCC_WARN_UNDECLARED_SELECTOR = YES;
				GCC_WARN_UNINITIALIZED_AUTOS = YES_AGGRESSIVE;
				GCC_WARN_UNUSED_FUNCTION = YES;
				GCC_WARN_UNUSED_VARIABLE = YES;
				IPHONEOS_DEPLOYMENT_TARGET = 10.3;
				MTL_ENABLE_DEBUG_INFO = YES;
				ONLY_ACTIVE_ARCH = YES;
				SDKROOT = iphoneos;
			};
			name = Debug;
		};
		3067BCBF1EC553E300FFABD7 /* Release */ = {
			isa = XCBuildConfiguration;
			buildSettings = {
				ALWAYS_SEARCH_USER_PATHS = NO;
				CLANG_ANALYZER_NONNULL = YES;
				CLANG_ANALYZER_NUMBER_OBJECT_CONVERSION = YES_AGGRESSIVE;
				CLANG_CXX_LANGUAGE_STANDARD = "gnu++0x";
				CLANG_CXX_LIBRARY = "libc++";
				CLANG_ENABLE_MODULES = YES;
				CLANG_ENABLE_OBJC_ARC = YES;
				CLANG_WARN_BOOL_CONVERSION = YES;
				CLANG_WARN_CONSTANT_CONVERSION = YES;
				CLANG_WARN_DIRECT_OBJC_ISA_USAGE = YES_ERROR;
				CLANG_WARN_DOCUMENTATION_COMMENTS = YES;
				CLANG_WARN_EMPTY_BODY = YES;
				CLANG_WARN_ENUM_CONVERSION = YES;
				CLANG_WARN_INFINITE_RECURSION = YES;
				CLANG_WARN_INT_CONVERSION = YES;
				CLANG_WARN_OBJC_ROOT_CLASS = YES_ERROR;
				CLANG_WARN_SUSPICIOUS_MOVE = YES;
				CLANG_WARN_UNREACHABLE_CODE = YES;
				CLANG_WARN__DUPLICATE_METHOD_MATCH = YES;
				"CODE_SIGN_IDENTITY[sdk=iphoneos*]" = "iPhone Developer";
				COPY_PHASE_STRIP = NO;
				DEBUG_INFORMATION_FORMAT = "dwarf-with-dsym";
				ENABLE_NS_ASSERTIONS = NO;
				ENABLE_STRICT_OBJC_MSGSEND = YES;
				GCC_C_LANGUAGE_STANDARD = gnu99;
				GCC_NO_COMMON_BLOCKS = YES;
				GCC_WARN_64_TO_32_BIT_CONVERSION = YES;
				GCC_WARN_ABOUT_RETURN_TYPE = YES_ERROR;
				GCC_WARN_UNDECLARED_SELECTOR = YES;
				GCC_WARN_UNINITIALIZED_AUTOS = YES_AGGRESSIVE;
				GCC_WARN_UNUSED_FUNCTION = YES;
				GCC_WARN_UNUSED_VARIABLE = YES;
				IPHONEOS_DEPLOYMENT_TARGET = 10.3;
				MTL_ENABLE_DEBUG_INFO = NO;
				SDKROOT = iphoneos;
				VALIDATE_PRODUCT = YES;
			};
			name = Release;
		};
		3067BCC11EC553E300FFABD7 /* Debug */ = {
			isa = XCBuildConfiguration;
			buildSettings = {
				ASSETCATALOG_COMPILER_APPICON_NAME = AppIcon;
				DEVELOPMENT_TEAM = 7NLYH93WG2;
				INFOPLIST_FILE = "自定义弹窗cell选中/Info.plist";
				LD_RUNPATH_SEARCH_PATHS = "$(inherited) @executable_path/Frameworks";
				PRODUCT_BUNDLE_IDENTIFIER = "com.Simonmeng.com.-----cell--";
				PRODUCT_NAME = "$(TARGET_NAME)";
			};
			name = Debug;
		};
		3067BCC21EC553E300FFABD7 /* Release */ = {
			isa = XCBuildConfiguration;
			buildSettings = {
				ASSETCATALOG_COMPILER_APPICON_NAME = AppIcon;
				DEVELOPMENT_TEAM = 7NLYH93WG2;
				INFOPLIST_FILE = "自定义弹窗cell选中/Info.plist";
				LD_RUNPATH_SEARCH_PATHS = "$(inherited) @executable_path/Frameworks";
				PRODUCT_BUNDLE_IDENTIFIER = "com.Simonmeng.com.-----cell--";
				PRODUCT_NAME = "$(TARGET_NAME)";
			};
			name = Release;
		};
/* End XCBuildConfiguration section */

/* Begin XCConfigurationList section */
		3067BCA41EC553E300FFABD7 /* Build configuration list for PBXProject "自定义弹窗cell选中" */ = {
			isa = XCConfigurationList;
			buildConfigurations = (
				3067BCBE1EC553E300FFABD7 /* Debug */,
				3067BCBF1EC553E300FFABD7 /* Release */,
			);
			defaultConfigurationIsVisible = 0;
			defaultConfigurationName = Release;
		};
		3067BCC01EC553E300FFABD7 /* Build configuration list for PBXNativeTarget "自定义弹窗cell选中" */ = {
			isa = XCConfigurationList;
			buildConfigurations = (
				3067BCC11EC553E300FFABD7 /* Debug */,
				3067BCC21EC553E300FFABD7 /* Release */,
			);
			defaultConfigurationIsVisible = 0;
		};
/* End XCConfigurationList section */
	};
	rootObject = 3067BCA11EC553E300FFABD7 /* Project object */;
}
